
Microsoft Visual Studio Solution File, Format Version 12.00
# Visual Studio 15
VisualStudioVersion = 15.0.27004.2002
MinimumVisualStudioVersion = 10.0.40219.1
Project("{FAE04EC0-301F-11D3-BF4B-00C04F79EFBC}") = "SportStore", "SportStore\SportStore.csproj", "{79749641-A67E-4874-B3FC-B290E4BC35AA}"
EndProject
Global
	GlobalSection(SolutionConfigurationPlatforms) = preSolution
		Debug|Any CPU = Debug|Any CPU
		Release|Any CPU = Release|Any CPU
	EndGlobalSection
	GlobalSection(ProjectConfigurationPlatforms) = postSolution
		{79749641-A67E-4874-B3FC-B290E4BC35AA}.Debug|Any CPU.ActiveCfg = Debug|Any CPU
		{79749641-A67E-4874-B3FC-B290E4BC35AA}.Debug|Any CPU.Build.0 = Debug|Any CPU
		{79749641-A67E-4874-B3FC-B290E4BC35AA}.Release|Any CPU.ActiveCfg = Release|Any CPU
		{79749641-A67E-4874-B3FC-B290E4BC35AA}.Release|Any CPU.Build.0 = Release|Any CPU
	EndGlobalSection
	GlobalSection(SolutionProperties) = preSolution
		HideSolutionNode = FALSE
	EndGlobalSection
	GlobalSection(ExtensibilityGlobals) = postSolution
		SolutionGuid = {DE329889-8812-46D6-875E-F51364866BCD}
	EndGlobalSection
EndGlobal
